
Microsoft Visual Studio Solution File, Format Version 12.00
Project("{FAE04EC0-301F-11D3-BF4B-00C04F79EFBC}") = "Cappuccino", "src\Cappuccino\Cappuccino.csproj", "{6DF5182D-DC51-4C59-9046-EDCE30333A87}"
EndProject
Project("{FAE04EC0-301F-11D3-BF4B-00C04F79EFBC}") = "Cappuccino.Demo", "samples\Cappuccino.Demo\Cappuccino.Demo.csproj", "{6D05AB65-4A37-468A-8121-8E1FB84797F1}"
EndProject
Global
	GlobalSection(SolutionConfigurationPlatforms) = preSolution
		Debug|Any CPU = Debug|Any CPU
		Release|Any CPU = Release|Any CPU
	EndGlobalSection
	GlobalSection(ProjectConfigurationPlatforms) = postSolution
		{6DF5182D-DC51-4C59-9046-EDCE30333A87}.Debug|Any CPU.ActiveCfg = Debug|Any CPU
		{6DF5182D-DC51-4C59-9046-EDCE30333A87}.Debug|Any CPU.Build.0 = Debug|Any CPU
		{6DF5182D-DC51-4C59-9046-EDCE30333A87}.Release|Any CPU.ActiveCfg = Release|Any CPU
		{6DF5182D-DC51-4C59-9046-EDCE30333A87}.Release|Any CPU.Build.0 = Release|Any CPU
		{6D05AB65-4A37-468A-8121-8E1FB84797F1}.Debug|Any CPU.ActiveCfg = Debug|Any CPU
		{6D05AB65-4A37-468A-8121-8E1FB84797F1}.Debug|Any CPU.Build.0 = Debug|Any CPU
		{6D05AB65-4A37-468A-8121-8E1FB84797F1}.Release|Any CPU.ActiveCfg = Release|Any CPU
		{6D05AB65-4A37-468A-8121-8E1FB84797F1}.Release|Any CPU.Build.0 = Release|Any CPU
	EndGlobalSection
EndGlobal
